
Microsoft Visual Studio Solution File, Format Version 12.00
# Visual Studio Version 16
VisualStudioVersion = 16.0.31702.278
MinimumVisualStudioVersion = 10.0.40219.1
Project("{9A19103F-16F7-4668-BE54-9A1E7A4F7556}") = "QRM4PB_HFT_2021221.Client", "QRM4PB_HFT_2021221.Client\QRM4PB_HFT_2021221.Client.csproj", "{7EF996F1-7EBE-4157-B860-99E169A73279}"
EndProject
Project("{9A19103F-16F7-4668-BE54-9A1E7A4F7556}") = "QRM4PB_HFT_2021221.Models", "QRM4PB_HFT_2021221.Models\QRM4PB_HFT_2021221.Models.csproj", "{F2691C0E-4A31-456C-BF23-18B983BAB3A8}"
EndProject
Project("{9A19103F-16F7-4668-BE54-9A1E7A4F7556}") = "QRM4PB_HFT_2021221.Data", "QRM4PB_HFT_2021221.Data\QRM4PB_HFT_2021221.Data.csproj", "{921BB1E2-686F-4951-8284-3AC1DBA558E8}"
EndProject
Project("{9A19103F-16F7-4668-BE54-9A1E7A4F7556}") = "QRM4PB_HFT_2021221.Logic", "QRM4PB_HFT_2021221.Logic\QRM4PB_HFT_2021221.Logic.csproj", "{8F507D41-7324-4571-8B2E-63709A449F0B}"
EndProject
Project("{9A19103F-16F7-4668-BE54-9A1E7A4F7556}") = "QRM4PB_HFT_2021221.Repository", "QRM4PB_HFT_2021221.Repository\QRM4PB_HFT_2021221.Repository.csproj", "{5AC331FF-3CB2-47E6-B66B-D7789E040053}"
EndProject
Project("{9A19103F-16F7-4668-BE54-9A1E7A4F7556}") = "QRM4PB_HFT_2021221.Endpoint", "QRM4PB_HFT_2021221.Endpoint\QRM4PB_HFT_2021221.Endpoint.csproj", "{FC976B3A-11D4-46BF-BDEE-F4B50E2264D8}"
EndProject
Project("{2150E333-8FDC-42A3-9474-1A3956D46DE8}") = "Backend", "Backend", "{C4EE0EEB-F35C-4E36-B236-83797D0F9033}"
EndProject
Project("{2150E333-8FDC-42A3-9474-1A3956D46DE8}") = "Frontend", "Frontend", "{23CF6078-C338-41AE-AF8F-112532BDEB04}"
EndProject
Project("{2150E333-8FDC-42A3-9474-1A3956D46DE8}") = "Shared", "Shared", "{A01A2335-B047-498D-954A-FE7FF4F85B13}"
EndProject
Project("{2150E333-8FDC-42A3-9474-1A3956D46DE8}") = "Others", "Others", "{605B7E84-35B2-45A7-9095-D58559D8CB60}"
	ProjectSection(SolutionItems) = preProject
		.gitignore = .gitignore
	EndProjectSection
EndProject
Project("{9A19103F-16F7-4668-BE54-9A1E7A4F7556}") = "QRM4PB_HFT_2021221.Test", "QRM4PB_HFT_2021221.Test\QRM4PB_HFT_2021221.Test.csproj", "{8A51599D-7309-489C-B1C6-8EBBD7F8A6EE}"
EndProject
Project("{9A19103F-16F7-4668-BE54-9A1E7A4F7556}") = "QRM4PB_HFT_2021221.WPFClient", "QRM4PB_HFT_2021221.WPFClient\QRM4PB_HFT_2021221.WPFClient.csproj", "{3803D98D-DAAD-4741-A9F2-1DFBFD4154C6}"
	ProjectSection(ProjectDependencies) = postProject
		{F2691C0E-4A31-456C-BF23-18B983BAB3A8} = {F2691C0E-4A31-456C-BF23-18B983BAB3A8}
	EndProjectSection
EndProject
Project("{FAE04EC0-301F-11D3-BF4B-00C04F79EFBC}") = "QRM4PB_HFT_2021221.JSCLient", "QRM4PB_HFT_2021221.JSCLient\QRM4PB_HFT_2021221.JSCLient.csproj", "{F864E337-96DA-4551-8568-1DE777840714}"
EndProject
Global
	GlobalSection(SolutionConfigurationPlatforms) = preSolution
		Debug|Any CPU = Debug|Any CPU
		Release|Any CPU = Release|Any CPU
	EndGlobalSection
	GlobalSection(ProjectConfigurationPlatforms) = postSolution
		{7EF996F1-7EBE-4157-B860-99E169A73279}.Debug|Any CPU.ActiveCfg = Debug|Any CPU
		{7EF996F1-7EBE-4157-B860-99E169A73279}.Debug|Any CPU.Build.0 = Debug|Any CPU
		{7EF996F1-7EBE-4157-B860-99E169A73279}.Release|Any CPU.ActiveCfg = Release|Any CPU
		{7EF996F1-7EBE-4157-B860-99E169A73279}.Release|Any CPU.Build.0 = Release|Any CPU
		{F2691C0E-4A31-456C-BF23-18B983BAB3A8}.Debug|Any CPU.ActiveCfg = Debug|Any CPU
		{F2691C0E-4A31-456C-BF23-18B983BAB3A8}.Debug|Any CPU.Build.0 = Debug|Any CPU
		{F2691C0E-4A31-456C-BF23-18B983BAB3A8}.Release|Any CPU.ActiveCfg = Release|Any CPU
		{F2691C0E-4A31-456C-BF23-18B983BAB3A8}.Release|Any CPU.Build.0 = Release|Any CPU
		{921BB1E2-686F-4951-8284-3AC1DBA558E8}.Debug|Any CPU.ActiveCfg = Debug|Any CPU
		{921BB1E2-686F-4951-8284-3AC1DBA558E8}.Debug|Any CPU.Build.0 = Debug|Any CPU
		{921BB1E2-686F-4951-8284-3AC1DBA558E8}.Release|Any CPU.ActiveCfg = Release|Any CPU
		{921BB1E2-686F-4951-8284-3AC1DBA558E8}.Release|Any CPU.Build.0 = Release|Any CPU
		{8F507D41-7324-4571-8B2E-63709A449F0B}.Debug|Any CPU.ActiveCfg = Debug|Any CPU
		{8F507D41-7324-4571-8B2E-63709A449F0B}.Debug|Any CPU.Build.0 = Debug|Any CPU
		{8F507D41-7324-4571-8B2E-63709A449F0B}.Release|Any CPU.ActiveCfg = Release|Any CPU
		{8F507D41-7324-4571-8B2E-63709A449F0B}.Release|Any CPU.Build.0 = Release|Any CPU
		{5AC331FF-3CB2-47E6-B66B-D7789E040053}.Debug|Any CPU.ActiveCfg = Debug|Any CPU
		{5AC331FF-3CB2-47E6-B66B-D7789E040053}.Debug|Any CPU.Build.0 = Debug|Any CPU
		{5AC331FF-3CB2-47E6-B66B-D7789E040053}.Release|Any CPU.ActiveCfg = Release|Any CPU
		{5AC331FF-3CB2-47E6-B66B-D7789E040053}.Release|Any CPU.Build.0 = Release|Any CPU
		{FC976B3A-11D4-46BF-BDEE-F4B50E2264D8}.Debug|Any CPU.ActiveCfg = Debug|Any CPU
		{FC976B3A-11D4-46BF-BDEE-F4B50E2264D8}.Debug|Any CPU.Build.0 = Debug|Any CPU
		{FC976B3A-11D4-46BF-BDEE-F4B50E2264D8}.Release|Any CPU.ActiveCfg = Release|Any CPU
		{FC976B3A-11D4-46BF-BDEE-F4B50E2264D8}.Release|Any CPU.Build.0 = Release|Any CPU
		{8A51599D-7309-489C-B1C6-8EBBD7F8A6EE}.Debug|Any CPU.ActiveCfg = Debug|Any CPU
		{8A51599D-7309-489C-B1C6-8EBBD7F8A6EE}.Debug|Any CPU.Build.0 = Debug|Any CPU
		{8A51599D-7309-489C-B1C6-8EBBD7F8A6EE}.Release|Any CPU.ActiveCfg = Release|Any CPU
		{8A51599D-7309-489C-B1C6-8EBBD7F8A6EE}.Release|Any CPU.Build.0 = Release|Any CPU
		{3803D98D-DAAD-4741-A9F2-1DFBFD4154C6}.Debug|Any CPU.ActiveCfg = Debug|Any CPU
		{3803D98D-DAAD-4741-A9F2-1DFBFD4154C6}.Debug|Any CPU.Build.0 = Debug|Any CPU
		{3803D98D-DAAD-4741-A9F2-1DFBFD4154C6}.Release|Any CPU.ActiveCfg = Release|Any CPU
		{3803D98D-DAAD-4741-A9F2-1DFBFD4154C6}.Release|Any CPU.Build.0 = Release|Any CPU
		{F864E337-96DA-4551-8568-1DE777840714}.Debug|Any CPU.ActiveCfg = Debug|Any CPU
		{F864E337-96DA-4551-8568-1DE777840714}.Debug|Any CPU.Build.0 = Debug|Any CPU
		{F864E337-96DA-4551-8568-1DE777840714}.Release|Any CPU.ActiveCfg = Release|Any CPU
		{F864E337-96DA-4551-8568-1DE777840714}.Release|Any CPU.Build.0 = Release|Any CPU
	EndGlobalSection
	GlobalSection(SolutionProperties) = preSolution
		HideSolutionNode = FALSE
	EndGlobalSection
	GlobalSection(NestedProjects) = preSolution
		{7EF996F1-7EBE-4157-B860-99E169A73279} = {23CF6078-C338-41AE-AF8F-112532BDEB04}
		{F2691C0E-4A31-456C-BF23-18B983BAB3A8} = {A01A2335-B047-498D-954A-FE7FF4F85B13}
		{921BB1E2-686F-4951-8284-3AC1DBA558E8} = {C4EE0EEB-F35C-4E36-B236-83797D0F9033}
		{8F507D41-7324-4571-8B2E-63709A449F0B} = {C4EE0EEB-F35C-4E36-B236-83797D0F9033}
		{5AC331FF-3CB2-47E6-B66B-D7789E040053} = {C4EE0EEB-F35C-4E36-B236-83797D0F9033}
		{FC976B3A-11D4-46BF-BDEE-F4B50E2264D8} = {C4EE0EEB-F35C-4E36-B236-83797D0F9033}
		{8A51599D-7309-489C-B1C6-8EBBD7F8A6EE} = {C4EE0EEB-F35C-4E36-B236-83797D0F9033}
		{3803D98D-DAAD-4741-A9F2-1DFBFD4154C6} = {23CF6078-C338-41AE-AF8F-112532BDEB04}
		{F864E337-96DA-4551-8568-1DE777840714} = {23CF6078-C338-41AE-AF8F-112532BDEB04}
	EndGlobalSection
	GlobalSection(ExtensibilityGlobals) = postSolution
		SolutionGuid = {09C77051-7E45-4B9E-B964-04EFC4FE949A}
	EndGlobalSection
EndGlobal
